
Microsoft Visual Studio Solution File, Format Version 12.00
# Visual Studio Version 17
VisualStudioVersion = 17.14.36623.8 d17.14
MinimumVisualStudioVersion = 10.0.40219.1
Project("{FAE04EC0-301F-11D3-BF4B-00C04F79EFBC}") = "RaidLog", "RaidLog.csproj", "{B8E2A2E6-8852-47AC-A227-012D0EC4156A}"
EndProject
Global
	GlobalSection(SolutionConfigurationPlatforms) = preSolution
		Debug|Any CPU = Debug|Any CPU
		Release|Any CPU = Release|Any CPU
	EndGlobalSection
	GlobalSection(ProjectConfigurationPlatforms) = postSolution
		{B8E2A2E6-8852-47AC-A227-012D0EC4156A}.Debug|Any CPU.ActiveCfg = Debug|Any CPU
		{B8E2A2E6-8852-47AC-A227-012D0EC4156A}.Debug|Any CPU.Build.0 = Debug|Any CPU
		{B8E2A2E6-8852-47AC-A227-012D0EC4156A}.Release|Any CPU.ActiveCfg = Release|Any CPU
		{B8E2A2E6-8852-47AC-A227-012D0EC4156A}.Release|Any CPU.Build.0 = Release|Any CPU
	EndGlobalSection
	GlobalSection(SolutionProperties) = preSolution
		HideSolutionNode = FALSE
	EndGlobalSection
	GlobalSection(ExtensibilityGlobals) = postSolution
		SolutionGuid = {0DD2B55D-40F2-4BB7-964F-C71F527BB573}
	EndGlobalSection
EndGlobal
